
Microsoft Visual Studio Solution File, Format Version 12.00
# Visual Studio 15
VisualStudioVersion = 15.0.28307.1433
MinimumVisualStudioVersion = 10.0.40219.1
Project("{8BC9CEB8-8B4A-11D0-8D11-00A0C91BC942}") = "shimmer", "shimmer\shimmer.vcxproj", "{41B017E7-7805-40D5-9D96-AABF572F57D1}"
	ProjectSection(ProjectDependencies) = postProject
		{44EA013F-AD0F-4D53-8E06-0B4EF26F4B65} = {44EA013F-AD0F-4D53-8E06-0B4EF26F4B65}
		{E106ACD7-4E53-4AEE-942B-D0DD426DB34E} = {E106ACD7-4E53-4AEE-942B-D0DD426DB34E}
		{F4BF0EF5-5FFC-43E7-8155-337A17DC1FD0} = {F4BF0EF5-5FFC-43E7-8155-337A17DC1FD0}
	EndProjectSection
EndProject
Project("{2150E333-8FDC-42A3-9474-1A3956D46DE8}") = "depends", "depends", "{3D5E113F-BF20-4F35-BE28-7A4FE98C0EDF}"
EndProject
Project("{8BC9CEB8-8B4A-11D0-8D11-00A0C91BC942}") = "DuiLib_Static", "depends\DuiLib\DuiLib_Static.vcxproj", "{E106ACD7-4E53-4AEE-942B-D0DD426DB34E}"
EndProject
Project("{8BC9CEB8-8B4A-11D0-8D11-00A0C91BC942}") = "encryption", "depends\encryption\encryption.vcxproj", "{ECD5AC62-F96E-43BD-9EC9-EC10B6F0DF77}"
EndProject
Project("{8BC9CEB8-8B4A-11D0-8D11-00A0C91BC942}") = "jsoncpp", "depends\jsoncpp\jsoncpp.vcxproj", "{F4BF0EF5-5FFC-43E7-8155-337A17DC1FD0}"
EndProject
Project("{8BC9CEB8-8B4A-11D0-8D11-00A0C91BC942}") = "libuv", "depends\libuv\win32\libuv.vcxproj", "{44EA013F-AD0F-4D53-8E06-0B4EF26F4B65}"
EndProject
Project("{8BC9CEB8-8B4A-11D0-8D11-00A0C91BC942}") = "rpc", "depends\rpclib\rpc.vcxproj", "{18E5353E-A141-34AC-AD62-19D8006A7117}"
EndProject
Project("{8BC9CEB8-8B4A-11D0-8D11-00A0C91BC942}") = "deamon", "deamon\deamon.vcxproj", "{6BEDCA78-F7C9-4C38-A8EA-B926F8FC9136}"
EndProject
Global
	GlobalSection(SolutionConfigurationPlatforms) = preSolution
		Debug|x64 = Debug|x64
		Debug|x86 = Debug|x86
		Release|x64 = Release|x64
		Release|x86 = Release|x86
	EndGlobalSection
	GlobalSection(ProjectConfigurationPlatforms) = postSolution
		{41B017E7-7805-40D5-9D96-AABF572F57D1}.Debug|x64.ActiveCfg = Debug|Win32
		{41B017E7-7805-40D5-9D96-AABF572F57D1}.Debug|x86.ActiveCfg = Debug|Win32
		{41B017E7-7805-40D5-9D96-AABF572F57D1}.Debug|x86.Build.0 = Debug|Win32
		{41B017E7-7805-40D5-9D96-AABF572F57D1}.Release|x64.ActiveCfg = Release|Win32
		{41B017E7-7805-40D5-9D96-AABF572F57D1}.Release|x86.ActiveCfg = Release|Win32
		{41B017E7-7805-40D5-9D96-AABF572F57D1}.Release|x86.Build.0 = Release|Win32
		{E106ACD7-4E53-4AEE-942B-D0DD426DB34E}.Debug|x64.ActiveCfg = Debug|Win32
		{E106ACD7-4E53-4AEE-942B-D0DD426DB34E}.Debug|x86.ActiveCfg = Debug|Win32
		{E106ACD7-4E53-4AEE-942B-D0DD426DB34E}.Debug|x86.Build.0 = Debug|Win32
		{E106ACD7-4E53-4AEE-942B-D0DD426DB34E}.Release|x64.ActiveCfg = Release|Win32
		{E106ACD7-4E53-4AEE-942B-D0DD426DB34E}.Release|x86.ActiveCfg = Release|Win32
		{E106ACD7-4E53-4AEE-942B-D0DD426DB34E}.Release|x86.Build.0 = Release|Win32
		{ECD5AC62-F96E-43BD-9EC9-EC10B6F0DF77}.Debug|x64.ActiveCfg = Debug|x64
		{ECD5AC62-F96E-43BD-9EC9-EC10B6F0DF77}.Debug|x64.Build.0 = Debug|x64
		{ECD5AC62-F96E-43BD-9EC9-EC10B6F0DF77}.Debug|x86.ActiveCfg = Debug|Win32
		{ECD5AC62-F96E-43BD-9EC9-EC10B6F0DF77}.Debug|x86.Build.0 = Debug|Win32
		{ECD5AC62-F96E-43BD-9EC9-EC10B6F0DF77}.Release|x64.ActiveCfg = Release|x64
		{ECD5AC62-F96E-43BD-9EC9-EC10B6F0DF77}.Release|x64.Build.0 = Release|x64
		{ECD5AC62-F96E-43BD-9EC9-EC10B6F0DF77}.Release|x86.ActiveCfg = Release|Win32
		{ECD5AC62-F96E-43BD-9EC9-EC10B6F0DF77}.Release|x86.Build.0 = Release|Win32
		{F4BF0EF5-5FFC-43E7-8155-337A17DC1FD0}.Debug|x64.ActiveCfg = Debug|x64
		{F4BF0EF5-5FFC-43E7-8155-337A17DC1FD0}.Debug|x64.Build.0 = Debug|x64
		{F4BF0EF5-5FFC-43E7-8155-337A17DC1FD0}.Debug|x86.ActiveCfg = Debug|Win32
		{F4BF0EF5-5FFC-43E7-8155-337A17DC1FD0}.Debug|x86.Build.0 = Debug|Win32
		{F4BF0EF5-5FFC-43E7-8155-337A17DC1FD0}.Release|x64.ActiveCfg = Release|x64
		{F4BF0EF5-5FFC-43E7-8155-337A17DC1FD0}.Release|x64.Build.0 = Release|x64
		{F4BF0EF5-5FFC-43E7-8155-337A17DC1FD0}.Release|x86.ActiveCfg = Release|Win32
		{F4BF0EF5-5FFC-43E7-8155-337A17DC1FD0}.Release|x86.Build.0 = Release|Win32
		{44EA013F-AD0F-4D53-8E06-0B4EF26F4B65}.Debug|x64.ActiveCfg = Debug|x64
		{44EA013F-AD0F-4D53-8E06-0B4EF26F4B65}.Debug|x64.Build.0 = Debug|x64
		{44EA013F-AD0F-4D53-8E06-0B4EF26F4B65}.Debug|x86.ActiveCfg = Debug|Win32
		{44EA013F-AD0F-4D53-8E06-0B4EF26F4B65}.Debug|x86.Build.0 = Debug|Win32
		{44EA013F-AD0F-4D53-8E06-0B4EF26F4B65}.Release|x64.ActiveCfg = Release|x64
		{44EA013F-AD0F-4D53-8E06-0B4EF26F4B65}.Release|x64.Build.0 = Release|x64
		{44EA013F-AD0F-4D53-8E06-0B4EF26F4B65}.Release|x86.ActiveCfg = Release|Win32
		{44EA013F-AD0F-4D53-8E06-0B4EF26F4B65}.Release|x86.Build.0 = Release|Win32
		{18E5353E-A141-34AC-AD62-19D8006A7117}.Debug|x64.ActiveCfg = Debug|Win32
		{18E5353E-A141-34AC-AD62-19D8006A7117}.Debug|x86.ActiveCfg = Debug|Win32
		{18E5353E-A141-34AC-AD62-19D8006A7117}.Debug|x86.Build.0 = Debug|Win32
		{18E5353E-A141-34AC-AD62-19D8006A7117}.Release|x64.ActiveCfg = Release|Win32
		{18E5353E-A141-34AC-AD62-19D8006A7117}.Release|x86.ActiveCfg = Release|Win32
		{18E5353E-A141-34AC-AD62-19D8006A7117}.Release|x86.Build.0 = Release|Win32
		{6BEDCA78-F7C9-4C38-A8EA-B926F8FC9136}.Debug|x64.ActiveCfg = Debug|x64
		{6BEDCA78-F7C9-4C38-A8EA-B926F8FC9136}.Debug|x64.Build.0 = Debug|x64
		{6BEDCA78-F7C9-4C38-A8EA-B926F8FC9136}.Debug|x86.ActiveCfg = Debug|Win32
		{6BEDCA78-F7C9-4C38-A8EA-B926F8FC9136}.Debug|x86.Build.0 = Debug|Win32
		{6BEDCA78-F7C9-4C38-A8EA-B926F8FC9136}.Release|x64.ActiveCfg = Release|x64
		{6BEDCA78-F7C9-4C38-A8EA-B926F8FC9136}.Release|x64.Build.0 = Release|x64
		{6BEDCA78-F7C9-4C38-A8EA-B926F8FC9136}.Release|x86.ActiveCfg = Release|Win32
		{6BEDCA78-F7C9-4C38-A8EA-B926F8FC9136}.Release|x86.Build.0 = Release|Win32
	EndGlobalSection
	GlobalSection(SolutionProperties) = preSolution
		HideSolutionNode = FALSE
	EndGlobalSection
	GlobalSection(NestedProjects) = preSolution
		{E106ACD7-4E53-4AEE-942B-D0DD426DB34E} = {3D5E113F-BF20-4F35-BE28-7A4FE98C0EDF}
		{ECD5AC62-F96E-43BD-9EC9-EC10B6F0DF77} = {3D5E113F-BF20-4F35-BE28-7A4FE98C0EDF}
		{F4BF0EF5-5FFC-43E7-8155-337A17DC1FD0} = {3D5E113F-BF20-4F35-BE28-7A4FE98C0EDF}
		{44EA013F-AD0F-4D53-8E06-0B4EF26F4B65} = {3D5E113F-BF20-4F35-BE28-7A4FE98C0EDF}
		{18E5353E-A141-34AC-AD62-19D8006A7117} = {3D5E113F-BF20-4F35-BE28-7A4FE98C0EDF}
	EndGlobalSection
	GlobalSection(ExtensibilityGlobals) = postSolution
		SolutionGuid = {9B45F4C9-E5FF-4EC9-B975-CB2B6FA5B2CA}
	EndGlobalSection
EndGlobal
