<?xml version="1.0" encoding="utf-8"?>
<Project ToolsVersion="4.0" xmlns="http://schemas.microsoft.com/developer/msbuild/2003">
  <ItemGroup>
    <Filter Include="源文件">
      <UniqueIdentifier>{4FC737F1-C7A5-4376-A066-2A32D752A2FF}</UniqueIdentifier>
      <Extensions>cpp;c;cc;cxx;def;odl;idl;hpj;bat;asm;asmx</Extensions>
    </Filter>
    <Filter Include="头文件">
      <UniqueIdentifier>{93995380-89BD-4b04-88EB-625FBE52EBFB}</UniqueIdentifier>
      <Extensions>h;hh;hpp;hxx;hm;inl;inc;ipp;xsd</Extensions>
    </Filter>
    <Filter Include="资源文件">
      <UniqueIdentifier>{67DA6AB6-F800-4c08-8B7A-83BB121AAD01}</UniqueIdentifier>
      <Extensions>rc;ico;cur;bmp;dlg;rc2;rct;bin;rgs;gif;jpg;jpeg;jpe;resx;tiff;tif;png;wav;mfcribbon-ms</Extensions>
    </Filter>
    <Filter Include="module">
      <UniqueIdentifier>{7d323406-49ae-4669-aaec-b2c5be973a8b}</UniqueIdentifier>
    </Filter>
  </ItemGroup>
  <ItemGroup>
    <ClCompile Include="main.cc">
      <Filter>源文件</Filter>
    </ClCompile>
    <ClCompile Include="winsvr.cpp">
      <Filter>源文件</Filter>
    </ClCompile>
    <ClCompile Include="machine.cpp">
      <Filter>源文件</Filter>
    </ClCompile>
    <ClCompile Include="appmgr.cpp">
      <Filter>module</Filter>
    </ClCompile>
    <ClCompile Include="firebase.cpp">
      <Filter>module</Filter>
    </ClCompile>
    <ClCompile Include="DataEncrypt.cpp">
      <Filter>module</Filter>
    </ClCompile>
    <ClCompile Include="algorighm\base64.cpp">
      <Filter>module</Filter>
    </ClCompile>
    <ClCompile Include="algorighm\md5checksum.cpp">
      <Filter>module</Filter>
    </ClCompile>
    <ClCompile Include="algorighm\sha2.cpp">
      <Filter>module</Filter>
    </ClCompile>
    <ClCompile Include="algorighm\AESDecode.cpp">
      <Filter>module</Filter>
    </ClCompile>
    <ClCompile Include="algorighm\AESEncode.cpp">
      <Filter>module</Filter>
    </ClCompile>
  </ItemGroup>
  <ItemGroup>
    <ClInclude Include="machine.h">
      <Filter>源文件</Filter>
    </ClInclude>
    <ClInclude Include="appmgr.h">
      <Filter>module</Filter>
    </ClInclude>
    <ClInclude Include="firebase.h">
      <Filter>module</Filter>
    </ClInclude>
    <ClInclude Include="DataEncrypt.h">
      <Filter>module</Filter>
    </ClInclude>
    <ClInclude Include="algorighm\AesInterns.h">
      <Filter>module</Filter>
    </ClInclude>
    <ClInclude Include="algorighm\base64.h">
      <Filter>module</Filter>
    </ClInclude>
    <ClInclude Include="algorighm\EfAes.H">
      <Filter>module</Filter>
    </ClInclude>
    <ClInclude Include="algorighm\md5checksum.h">
      <Filter>module</Filter>
    </ClInclude>
    <ClInclude Include="algorighm\md5checksumdefines.h">
      <Filter>module</Filter>
    </ClInclude>
    <ClInclude Include="algorighm\sha2.h">
      <Filter>module</Filter>
    </ClInclude>
  </ItemGroup>
</Project>